// !$*UTF8*$!
{
	archiveVersion = 1;
	classes = {
	};
	objectVersion = 52;
	objects = {

/* Begin PBXBuildFile section */
		608F9935B9588DEB17EF963D /* Pods_samost.framework in Frameworks */ = {isa = PBXBuildFile; fileRef = 6A7A8305D7DC01787C483723 /* Pods_samost.framework */; };
		CE0069AE266A5231004A817E /* samostApp.swift in Sources */ = {isa = PBXBuildFile; fileRef = CE0069AD266A5231004A817E /* samostApp.swift */; };
		CE0069B0266A5231004A817E /* SignInView.swift in Sources */ = {isa = PBXBuildFile; fileRef = CE0069AF266A5231004A817E /* SignInView.swift */; };
		CE0069B2266A5232004A817E /* Assets.xcassets in Resources */ = {isa = PBXBuildFile; fileRef = CE0069B1266A5232004A817E /* Assets.xcassets */; };
		CE0069B5266A5232004A817E /* Preview Assets.xcassets in Resources */ = {isa = PBXBuildFile; fileRef = CE0069B4266A5232004A817E /* Preview Assets.xcassets */; };
		CE5A7157266B8E7A00A37BD8 /* UserObject.swift in Sources */ = {isa = PBXBuildFile; fileRef = CE5A7156266B8E7A00A37BD8 /* UserObject.swift */; };
		CE5A7159266B9C3100A37BD8 /* samost1.storyboard in Resources */ = {isa = PBXBuildFile; fileRef = CE5A7158266B9C3100A37BD8 /* samost1.storyboard */; };
		CE5A715B266BA09800A37BD8 /* RootView.swift in Sources */ = {isa = PBXBuildFile; fileRef = CE5A715A266BA09800A37BD8 /* RootView.swift */; };
		CE5A715D266BA42700A37BD8 /* MainView.swift in Sources */ = {isa = PBXBuildFile; fileRef = CE5A715C266BA42700A37BD8 /* MainView.swift */; };
		CE5A715F266BAB0C00A37BD8 /* HomeView.swift in Sources */ = {isa = PBXBuildFile; fileRef = CE5A715E266BAB0C00A37BD8 /* HomeView.swift */; };
		CEEDFD30266B659F000E3A3A /* SwiftyJSON in Frameworks */ = {isa = PBXBuildFile; productRef = CEEDFD2F266B659F000E3A3A /* SwiftyJSON */; };
/* End PBXBuildFile section */

/* Begin PBXFileReference section */
		02C31929DB7E3C3437E65169 /* Pods-samost.debug.xcconfig */ = {isa = PBXFileReference; includeInIndex = 1; lastKnownFileType = text.xcconfig; name = "Pods-samost.debug.xcconfig"; path = "Target Support Files/Pods-samost/Pods-samost.debug.xcconfig"; sourceTree = "<group>"; };
		6A7A8305D7DC01787C483723 /* Pods_samost.framework */ = {isa = PBXFileReference; explicitFileType = wrapper.framework; includeInIndex = 0; path = Pods_samost.framework; sourceTree = BUILT_PRODUCTS_DIR; };
		719E964E562865A893B46C51 /* Pods-samost.release.xcconfig */ = {isa = PBXFileReference; includeInIndex = 1; lastKnownFileType = text.xcconfig; name = "Pods-samost.release.xcconfig"; path = "Target Support Files/Pods-samost/Pods-samost.release.xcconfig"; sourceTree = "<group>"; };
		CE0069AA266A5231004A817E /* samost.app */ = {isa = PBXFileReference; explicitFileType = wrapper.application; includeInIndex = 0; path = samost.app; sourceTree = BUILT_PRODUCTS_DIR; };
		CE0069AD266A5231004A817E /* samostApp.swift */ = {isa = PBXFileReference; lastKnownFileType = sourcecode.swift; path = samostApp.swift; sourceTree = "<group>"; };
		CE0069AF266A5231004A817E /* SignInView.swift */ = {isa = PBXFileReference; lastKnownFileType = sourcecode.swift; path = SignInView.swift; sourceTree = "<group>"; };
		CE0069B1266A5232004A817E /* Assets.xcassets */ = {isa = PBXFileReference; lastKnownFileType = folder.assetcatalog; path = Assets.xcassets; sourceTree = "<group>"; };
		CE0069B4266A5232004A817E /* Preview Assets.xcassets */ = {isa = PBXFileReference; lastKnownFileType = folder.assetcatalog; path = "Preview Assets.xcassets"; sourceTree = "<group>"; };
		CE0069B6266A5232004A817E /* Info.plist */ = {isa = PBXFileReference; lastKnownFileType = text.plist.xml; path = Info.plist; sourceTree = "<group>"; };
		CE5A7156266B8E7A00A37BD8 /* UserObject.swift */ = {isa = PBXFileReference; lastKnownFileType = sourcecode.swift; path = UserObject.swift; sourceTree = "<group>"; };
		CE5A7158266B9C3100A37BD8 /* samost1.storyboard */ = {isa = PBXFileReference; lastKnownFileType = file.storyboard; path = samost1.storyboard; sourceTree = "<group>"; };
		CE5A715A266BA09800A37BD8 /* RootView.swift */ = {isa = PBXFileReference; lastKnownFileType = sourcecode.swift; path = RootView.swift; sourceTree = "<group>"; };
		CE5A715C266BA42700A37BD8 /* MainView.swift */ = {isa = PBXFileReference; lastKnownFileType = sourcecode.swift; path = MainView.swift; sourceTree = "<group>"; };
		CE5A715E266BAB0C00A37BD8 /* HomeView.swift */ = {isa = PBXFileReference; lastKnownFileType = sourcecode.swift; path = HomeView.swift; sourceTree = "<group>"; };
/* End PBXFileReference section */

/* Begin PBXFrameworksBuildPhase section */
		CE0069A7266A5231004A817E /* Frameworks */ = {
			isa = PBXFrameworksBuildPhase;
			buildActionMask = 2147483647;
			files = (
				CEEDFD30266B659F000E3A3A /* SwiftyJSON in Frameworks */,
				608F9935B9588DEB17EF963D /* Pods_samost.framework in Frameworks */,
			);
			runOnlyForDeploymentPostprocessing = 0;
		};
/* End PBXFrameworksBuildPhase section */

/* Begin PBXGroup section */
		8165743B7445BBBA22D367EC /* Frameworks */ = {
			isa = PBXGroup;
			children = (
				6A7A8305D7DC01787C483723 /* Pods_samost.framework */,
			);
			name = Frameworks;
			sourceTree = "<group>";
		};
		C1F697F2374456A309100D26 /* Pods */ = {
			isa = PBXGroup;
			children = (
				02C31929DB7E3C3437E65169 /* Pods-samost.debug.xcconfig */,
				719E964E562865A893B46C51 /* Pods-samost.release.xcconfig */,
			);
			path = Pods;
			sourceTree = "<group>";
		};
		CE0069A1266A5231004A817E = {
			isa = PBXGroup;
			children = (
				CE0069AC266A5231004A817E /* samost */,
				CE0069AB266A5231004A817E /* Products */,
				C1F697F2374456A309100D26 /* Pods */,
				8165743B7445BBBA22D367EC /* Frameworks */,
			);
			sourceTree = "<group>";
		};
		CE0069AB266A5231004A817E /* Products */ = {
			isa = PBXGroup;
			children = (
				CE0069AA266A5231004A817E /* samost.app */,
			);
			name = Products;
			sourceTree = "<group>";
		};
		CE0069AC266A5231004A817E /* samost */ = {
			isa = PBXGroup;
			children = (
				CE5A7162266BB29A00A37BD8 /* Common */,
				CE5A7160266BB26A00A37BD8 /* View */,
				CE5A7161266BB27F00A37BD8 /* Object */,
				CE0069B6266A5232004A817E /* Info.plist */,
				CE0069B3266A5232004A817E /* Preview Content */,
			);
			path = samost;
			sourceTree = "<group>";
		};
		CE0069B3266A5232004A817E /* Preview Content */ = {
			isa = PBXGroup;
			children = (
				CE0069B4266A5232004A817E /* Preview Assets.xcassets */,
			);
			path = "Preview Content";
			sourceTree = "<group>";
		};
		CE5A7160266BB26A00A37BD8 /* View */ = {
			isa = PBXGroup;
			children = (
				CE5A715A266BA09800A37BD8 /* RootView.swift */,
				CE0069AF266A5231004A817E /* SignInView.swift */,
				CE5A715C266BA42700A37BD8 /* MainView.swift */,
				CE5A715E266BAB0C00A37BD8 /* HomeView.swift */,
			);
			path = View;
			sourceTree = "<group>";
		};
		CE5A7161266BB27F00A37BD8 /* Object */ = {
			isa = PBXGroup;
			children = (
				CE5A7156266B8E7A00A37BD8 /* UserObject.swift */,
			);
			path = Object;
			sourceTree = "<group>";
		};
		CE5A7162266BB29A00A37BD8 /* Common */ = {
			isa = PBXGroup;
			children = (
				CE0069AD266A5231004A817E /* samostApp.swift */,
				CE5A7158266B9C3100A37BD8 /* samost1.storyboard */,
				CE0069B1266A5232004A817E /* Assets.xcassets */,
			);
			path = Common;
			sourceTree = "<group>";
		};
/* End PBXGroup section */

/* Begin PBXNativeTarget section */
		CE0069A9266A5231004A817E /* samost */ = {
			isa = PBXNativeTarget;
			buildConfigurationList = CE0069B9266A5232004A817E /* Build configuration list for PBXNativeTarget "samost" */;
			buildPhases = (
				7B848A4444C4F8C01FC480C7 /* [CP] Check Pods Manifest.lock */,
				CE0069A6266A5231004A817E /* Sources */,
				CE0069A7266A5231004A817E /* Frameworks */,
				CE0069A8266A5231004A817E /* Resources */,
				1DB829B5D5815DC22C3D81DC /* [CP] Embed Pods Frameworks */,
			);
			buildRules = (
			);
			dependencies = (
			);
			name = samost;
			packageProductDependencies = (
				CEEDFD2F266B659F000E3A3A /* SwiftyJSON */,
			);
			productName = samost;
			productReference = CE0069AA266A5231004A817E /* samost.app */;
			productType = "com.apple.product-type.application";
		};
/* End PBXNativeTarget section */

/* Begin PBXProject section */
		CE0069A2266A5231004A817E /* Project object */ = {
			isa = PBXProject;
			attributes = {
				LastSwiftUpdateCheck = 1250;
				LastUpgradeCheck = 1250;
				TargetAttributes = {
					CE0069A9266A5231004A817E = {
						CreatedOnToolsVersion = 12.5;
					};
				};
			};
			buildConfigurationList = CE0069A5266A5231004A817E /* Build configuration list for PBXProject "samost" */;
			compatibilityVersion = "Xcode 9.3";
			developmentRegion = en;
			hasScannedForEncodings = 0;
			knownRegions = (
				en,
				Base,
			);
			mainGroup = CE0069A1266A5231004A817E;
			packageReferences = (
				CEEDFD2E266B659F000E3A3A /* XCRemoteSwiftPackageReference "SwiftyJSON" */,
			);
			productRefGroup = CE0069AB266A5231004A817E /* Products */;
			projectDirPath = "";
			projectRoot = "";
			targets = (
				CE0069A9266A5231004A817E /* samost */,
			);
		};
/* End PBXProject section */

/* Begin PBXResourcesBuildPhase section */
		CE0069A8266A5231004A817E /* Resources */ = {
			isa = PBXResourcesBuildPhase;
			buildActionMask = 2147483647;
			files = (
				CE5A7159266B9C3100A37BD8 /* samost1.storyboard in Resources */,
				CE0069B5266A5232004A817E /* Preview Assets.xcassets in Resources */,
				CE0069B2266A5232004A817E /* Assets.xcassets in Resources */,
			);
			runOnlyForDeploymentPostprocessing = 0;
		};
/* End PBXResourcesBuildPhase section */

/* Begin PBXShellScriptBuildPhase section */
		1DB829B5D5815DC22C3D81DC /* [CP] Embed Pods Frameworks */ = {
			isa = PBXShellScriptBuildPhase;
			buildActionMask = 2147483647;
			files = (
			);
			inputFileListPaths = (
				"${PODS_ROOT}/Target Support Files/Pods-samost/Pods-samost-frameworks-${CONFIGURATION}-input-files.xcfilelist",
			);
			name = "[CP] Embed Pods Frameworks";
			outputFileListPaths = (
				"${PODS_ROOT}/Target Support Files/Pods-samost/Pods-samost-frameworks-${CONFIGURATION}-output-files.xcfilelist",
			);
			runOnlyForDeploymentPostprocessing = 0;
			shellPath = /bin/sh;
			shellScript = "\"${PODS_ROOT}/Target Support Files/Pods-samost/Pods-samost-frameworks.sh\"\n";
			showEnvVarsInLog = 0;
		};
		7B848A4444C4F8C01FC480C7 /* [CP] Check Pods Manifest.lock */ = {
			isa = PBXShellScriptBuildPhase;
			buildActionMask = 2147483647;
			files = (
			);
			inputFileListPaths = (
			);
			inputPaths = (
				"${PODS_PODFILE_DIR_PATH}/Podfile.lock",
				"${PODS_ROOT}/Manifest.lock",
			);
			name = "[CP] Check Pods Manifest.lock";
			outputFileListPaths = (
			);
			outputPaths = (
				"$(DERIVED_FILE_DIR)/Pods-samost-checkManifestLockResult.txt",
			);
			runOnlyForDeploymentPostprocessing = 0;
			shellPath = /bin/sh;
			shellScript = "diff \"${PODS_PODFILE_DIR_PATH}/Podfile.lock\" \"${PODS_ROOT}/Manifest.lock\" > /dev/null\nif [ $? != 0 ] ; then\n    # print error to STDERR\n    echo \"error: The sandbox is not in sync with the Podfile.lock. Run 'pod install' or update your CocoaPods installation.\" >&2\n    exit 1\nfi\n# This output is used by Xcode 'outputs' to avoid re-running this script phase.\necho \"SUCCESS\" > \"${SCRIPT_OUTPUT_FILE_0}\"\n";
			showEnvVarsInLog = 0;
		};
/* End PBXShellScriptBuildPhase section */

/* Begin PBXSourcesBuildPhase section */
		CE0069A6266A5231004A817E /* Sources */ = {
			isa = PBXSourcesBuildPhase;
			buildActionMask = 2147483647;
			files = (
				CE0069B0266A5231004A817E /* SignInView.swift in Sources */,
				CE5A715B266BA09800A37BD8 /* RootView.swift in Sources */,
				CE0069AE266A5231004A817E /* samostApp.swift in Sources */,
				CE5A715F266BAB0C00A37BD8 /* HomeView.swift in Sources */,
				CE5A715D266BA42700A37BD8 /* MainView.swift in Sources */,
				CE5A7157266B8E7A00A37BD8 /* UserObject.swift in Sources */,
			);
			runOnlyForDeploymentPostprocessing = 0;
		};
/* End PBXSourcesBuildPhase section */

/* Begin XCBuildConfiguration section */
		CE0069B7266A5232004A817E /* Debug */ = {
			isa = XCBuildConfiguration;
			buildSettings = {
				ALWAYS_SEARCH_USER_PATHS = NO;
				CLANG_ANALYZER_NONNULL = YES;
				CLANG_ANALYZER_NUMBER_OBJECT_CONVERSION = YES_AGGRESSIVE;
				CLANG_CXX_LANGUAGE_STANDARD = "gnu++14";
				CLANG_CXX_LIBRARY = "libc++";
				CLANG_ENABLE_MODULES = YES;
				CLANG_ENABLE_OBJC_ARC = YES;
				CLANG_ENABLE_OBJC_WEAK = YES;
				CLANG_WARN_BLOCK_CAPTURE_AUTORELEASING = YES;
				CLANG_WARN_BOOL_CONVERSION = YES;
				CLANG_WARN_COMMA = YES;
				CLANG_WARN_CONSTANT_CONVERSION = YES;
				CLANG_WARN_DEPRECATED_OBJC_IMPLEMENTATIONS = YES;
				CLANG_WARN_DIRECT_OBJC_ISA_USAGE = YES_ERROR;
				CLANG_WARN_DOCUMENTATION_COMMENTS = YES;
				CLANG_WARN_EMPTY_BODY = YES;
				CLANG_WARN_ENUM_CONVERSION = YES;
				CLANG_WARN_INFINITE_RECURSION = YES;
				CLANG_WARN_INT_CONVERSION = YES;
				CLANG_WARN_NON_LITERAL_NULL_CONVERSION = YES;
				CLANG_WARN_OBJC_IMPLICIT_RETAIN_SELF = YES;
				CLANG_WARN_OBJC_LITERAL_CONVERSION = YES;
				CLANG_WARN_OBJC_ROOT_CLASS = YES_ERROR;
				CLANG_WARN_QUOTED_INCLUDE_IN_FRAMEWORK_HEADER = YES;
				CLANG_WARN_RANGE_LOOP_ANALYSIS = YES;
				CLANG_WARN_STRICT_PROTOTYPES = YES;
				CLANG_WARN_SUSPICIOUS_MOVE = YES;
				CLANG_WARN_UNGUARDED_AVAILABILITY = YES_AGGRESSIVE;
				CLANG_WARN_UNREACHABLE_CODE = YES;
				CLANG_WARN__DUPLICATE_METHOD_MATCH = YES;
				COPY_PHASE_STRIP = NO;
				DEBUG_INFORMATION_FORMAT = dwarf;
				ENABLE_STRICT_OBJC_MSGSEND = YES;
				ENABLE_TESTABILITY = YES;
				GCC_C_LANGUAGE_STANDARD = gnu11;
				GCC_DYNAMIC_NO_PIC = NO;
				GCC_NO_COMMON_BLOCKS = YES;
				GCC_OPTIMIZATION_LEVEL = 0;
				GCC_PREPROCESSOR_DEFINITIONS = (
					"DEBUG=1",
					"$(inherited)",
				);
				GCC_WARN_64_TO_32_BIT_CONVERSION = YES;
				GCC_WARN_ABOUT_RETURN_TYPE = YES_ERROR;
				GCC_WARN_UNDECLARED_SELECTOR = YES;
				GCC_WARN_UNINITIALIZED_AUTOS = YES_AGGRESSIVE;
				GCC_WARN_UNUSED_FUNCTION = YES;
				GCC_WARN_UNUSED_VARIABLE = YES;
				IPHONEOS_DEPLOYMENT_TARGET = 14.5;
				MTL_ENABLE_DEBUG_INFO = INCLUDE_SOURCE;
				MTL_FAST_MATH = YES;
				ONLY_ACTIVE_ARCH = YES;
				SDKROOT = iphoneos;
				SWIFT_ACTIVE_COMPILATION_CONDITIONS = DEBUG;
				SWIFT_OPTIMIZATION_LEVEL = "-Onone";
			};
			name = Debug;
		};
		CE0069B8266A5232004A817E /* Release */ = {
			isa = XCBuildConfiguration;
			buildSettings = {
				ALWAYS_SEARCH_USER_PATHS = NO;
				CLANG_ANALYZER_NONNULL = YES;
				CLANG_ANALYZER_NUMBER_OBJECT_CONVERSION = YES_AGGRESSIVE;
				CLANG_CXX_LANGUAGE_STANDARD = "gnu++14";
				CLANG_CXX_LIBRARY = "libc++";
				CLANG_ENABLE_MODULES = YES;
				CLANG_ENABLE_OBJC_ARC = YES;
				CLANG_ENABLE_OBJC_WEAK = YES;
				CLANG_WARN_BLOCK_CAPTURE_AUTORELEASING = YES;
				CLANG_WARN_BOOL_CONVERSION = YES;
				CLANG_WARN_COMMA = YES;
				CLANG_WARN_CONSTANT_CONVERSION = YES;
				CLANG_WARN_DEPRECATED_OBJC_IMPLEMENTATIONS = YES;
				CLANG_WARN_DIRECT_OBJC_ISA_USAGE = YES_ERROR;
				CLANG_WARN_DOCUMENTATION_COMMENTS = YES;
				CLANG_WARN_EMPTY_BODY = YES;
				CLANG_WARN_ENUM_CONVERSION = YES;
				CLANG_WARN_INFINITE_RECURSION = YES;
				CLANG_WARN_INT_CONVERSION = YES;
				CLANG_WARN_NON_LITERAL_NULL_CONVERSION = YES;
				CLANG_WARN_OBJC_IMPLICIT_RETAIN_SELF = YES;
				CLANG_WARN_OBJC_LITERAL_CONVERSION = YES;
				CLANG_WARN_OBJC_ROOT_CLASS = YES_ERROR;
				CLANG_WARN_QUOTED_INCLUDE_IN_FRAMEWORK_HEADER = YES;
				CLANG_WARN_RANGE_LOOP_ANALYSIS = YES;
				CLANG_WARN_STRICT_PROTOTYPES = YES;
				CLANG_WARN_SUSPICIOUS_MOVE = YES;
				CLANG_WARN_UNGUARDED_AVAILABILITY = YES_AGGRESSIVE;
				CLANG_WARN_UNREACHABLE_CODE = YES;
				CLANG_WARN__DUPLICATE_METHOD_MATCH = YES;
				COPY_PHASE_STRIP = NO;
				DEBUG_INFORMATION_FORMAT = "dwarf-with-dsym";
				ENABLE_NS_ASSERTIONS = NO;
				ENABLE_STRICT_OBJC_MSGSEND = YES;
				GCC_C_LANGUAGE_STANDARD = gnu11;
				GCC_NO_COMMON_BLOCKS = YES;
				GCC_WARN_64_TO_32_BIT_CONVERSION = YES;
				GCC_WARN_ABOUT_RETURN_TYPE = YES_ERROR;
				GCC_WARN_UNDECLARED_SELECTOR = YES;
				GCC_WARN_UNINITIALIZED_AUTOS = YES_AGGRESSIVE;
				GCC_WARN_UNUSED_FUNCTION = YES;
				GCC_WARN_UNUSED_VARIABLE = YES;
				IPHONEOS_DEPLOYMENT_TARGET = 14.5;
				MTL_ENABLE_DEBUG_INFO = NO;
				MTL_FAST_MATH = YES;
				SDKROOT = iphoneos;
				SWIFT_COMPILATION_MODE = wholemodule;
				SWIFT_OPTIMIZATION_LEVEL = "-O";
				VALIDATE_PRODUCT = YES;
			};
			name = Release;
		};
		CE0069BA266A5232004A817E /* Debug */ = {
			isa = XCBuildConfiguration;
			baseConfigurationReference = 02C31929DB7E3C3437E65169 /* Pods-samost.debug.xcconfig */;
			buildSettings = {
				ASSETCATALOG_COMPILER_APPICON_NAME = AppIcon;
				ASSETCATALOG_COMPILER_GLOBAL_ACCENT_COLOR_NAME = AccentColor;
				CODE_SIGN_STYLE = Automatic;
				DEVELOPMENT_ASSET_PATHS = "\"samost/Preview Content\"";
				ENABLE_PREVIEWS = YES;
				INFOPLIST_FILE = samost/Info.plist;
				IPHONEOS_DEPLOYMENT_TARGET = 14.0;
				LD_RUNPATH_SEARCH_PATHS = (
					"$(inherited)",
					"@executable_path/Frameworks",
				);
				PRODUCT_BUNDLE_IDENTIFIER = test.samost;
				PRODUCT_NAME = "$(TARGET_NAME)";
				SWIFT_VERSION = 5.0;
				TARGETED_DEVICE_FAMILY = "1,2";
			};
			name = Debug;
		};
		CE0069BB266A5232004A817E /* Release */ = {
			isa = XCBuildConfiguration;
			baseConfigurationReference = 719E964E562865A893B46C51 /* Pods-samost.release.xcconfig */;
			buildSettings = {
				ASSETCATALOG_COMPILER_APPICON_NAME = AppIcon;
				ASSETCATALOG_COMPILER_GLOBAL_ACCENT_COLOR_NAME = AccentColor;
				CODE_SIGN_STYLE = Automatic;
				DEVELOPMENT_ASSET_PATHS = "\"samost/Preview Content\"";
				ENABLE_PREVIEWS = YES;
				INFOPLIST_FILE = samost/Info.plist;
				IPHONEOS_DEPLOYMENT_TARGET = 14.0;
				LD_RUNPATH_SEARCH_PATHS = (
					"$(inherited)",
					"@executable_path/Frameworks",
				);
				PRODUCT_BUNDLE_IDENTIFIER = test.samost;
				PRODUCT_NAME = "$(TARGET_NAME)";
				SWIFT_VERSION = 5.0;
				TARGETED_DEVICE_FAMILY = "1,2";
			};
			name = Release;
		};
/* End XCBuildConfiguration section */

/* Begin XCConfigurationList section */
		CE0069A5266A5231004A817E /* Build configuration list for PBXProject "samost" */ = {
			isa = XCConfigurationList;
			buildConfigurations = (
				CE0069B7266A5232004A817E /* Debug */,
				CE0069B8266A5232004A817E /* Release */,
			);
			defaultConfigurationIsVisible = 0;
			defaultConfigurationName = Release;
		};
		CE0069B9266A5232004A817E /* Build configuration list for PBXNativeTarget "samost" */ = {
			isa = XCConfigurationList;
			buildConfigurations = (
				CE0069BA266A5232004A817E /* Debug */,
				CE0069BB266A5232004A817E /* Release */,
			);
			defaultConfigurationIsVisible = 0;
			defaultConfigurationName = Release;
		};
/* End XCConfigurationList section */

/* Begin XCRemoteSwiftPackageReference section */
		CEEDFD2E266B659F000E3A3A /* XCRemoteSwiftPackageReference "SwiftyJSON" */ = {
			isa = XCRemoteSwiftPackageReference;
			repositoryURL = "https://github.com/SwiftyJSON/SwiftyJSON.git";
			requirement = {
				kind = upToNextMajorVersion;
				minimumVersion = 5.0.1;
			};
		};
/* End XCRemoteSwiftPackageReference section */

/* Begin XCSwiftPackageProductDependency section */
		CEEDFD2F266B659F000E3A3A /* SwiftyJSON */ = {
			isa = XCSwiftPackageProductDependency;
			package = CEEDFD2E266B659F000E3A3A /* XCRemoteSwiftPackageReference "SwiftyJSON" */;
			productName = SwiftyJSON;
		};
/* End XCSwiftPackageProductDependency section */
	};
	rootObject = CE0069A2266A5231004A817E /* Project object */;
}
